
Microsoft Visual Studio Solution File, Format Version 12.00
# Visual Studio Version 17
VisualStudioVersion = 17.4.33403.182
MinimumVisualStudioVersion = 10.0.40219.1
Project("{FAE04EC0-301F-11D3-BF4B-00C04F79EFBC}") = "4.26EFImageUploadWithLikes", "4.26EFImageUploadWithLikes\4.26EFImageUploadWithLikes.csproj", "{63B0A196-E4B3-4419-87B9-E300E077DCF8}"
EndProject
Project("{FAE04EC0-301F-11D3-BF4B-00C04F79EFBC}") = "EFImageUploadWithLikes.Data", "EFImageUploadWithLikes.Data\EFImageUploadWithLikes.Data.csproj", "{BA9DA7E9-B9C4-45E6-A802-F94BE0E62A88}"
EndProject
Global
	GlobalSection(SolutionConfigurationPlatforms) = preSolution
		Debug|Any CPU = Debug|Any CPU
		Release|Any CPU = Release|Any CPU
	EndGlobalSection
	GlobalSection(ProjectConfigurationPlatforms) = postSolution
		{63B0A196-E4B3-4419-87B9-E300E077DCF8}.Debug|Any CPU.ActiveCfg = Debug|Any CPU
		{63B0A196-E4B3-4419-87B9-E300E077DCF8}.Debug|Any CPU.Build.0 = Debug|Any CPU
		{63B0A196-E4B3-4419-87B9-E300E077DCF8}.Release|Any CPU.ActiveCfg = Release|Any CPU
		{63B0A196-E4B3-4419-87B9-E300E077DCF8}.Release|Any CPU.Build.0 = Release|Any CPU
		{BA9DA7E9-B9C4-45E6-A802-F94BE0E62A88}.Debug|Any CPU.ActiveCfg = Debug|Any CPU
		{BA9DA7E9-B9C4-45E6-A802-F94BE0E62A88}.Debug|Any CPU.Build.0 = Debug|Any CPU
		{BA9DA7E9-B9C4-45E6-A802-F94BE0E62A88}.Release|Any CPU.ActiveCfg = Release|Any CPU
		{BA9DA7E9-B9C4-45E6-A802-F94BE0E62A88}.Release|Any CPU.Build.0 = Release|Any CPU
	EndGlobalSection
	GlobalSection(SolutionProperties) = preSolution
		HideSolutionNode = FALSE
	EndGlobalSection
	GlobalSection(ExtensibilityGlobals) = postSolution
		SolutionGuid = {8AD766E2-C657-4924-8570-F7C93CABC865}
	EndGlobalSection
EndGlobal
